PODS:
  - Flutter (1.0.0)
  - image_viewer (0.0.1):
    - Flutter

DEPENDENCIES:
  - Flutter (from `Flutter`)
  - image_viewer (from `.symlinks/plugins/image_viewer/ios`)

EXTERNAL SOURCES:
  Flutter:
    :path: Flutter
  image_viewer:
    :path: ".symlinks/plugins/image_viewer/ios"

SPEC CHECKSUMS:
  Flutter: 0e3d915762c693b495b44d77113d4970485de6ec
  image_viewer: 3ff6248139d02dd4e15d4329bb36c69f00e615e2

PODFILE CHECKSUM: 1b66dae606f75376c5f2135a8290850eeb09ae83

COCOAPODS: 1.9.3
